
Microsoft Visual Studio Solution File, Format Version 12.00
# Visual Studio 14
VisualStudioVersion = 14.0.24720.0
MinimumVisualStudioVersion = 10.0.40219.1
Project("{FAE04EC0-301F-11D3-BF4B-00C04F79EFBC}") = "CukoosApi", "CukoosApi\CukoosApi.csproj", "{5DBE145E-2E96-46C7-BF4F-8AFAE436E840}"
EndProject
Project("{FAE04EC0-301F-11D3-BF4B-00C04F79EFBC}") = "CukoosApi.Data", "CukoosApi.Data\CukoosApi.Data.csproj", "{4F3315D2-F34D-4A13-8E94-A2EDCB236E49}"
EndProject
Project("{FAE04EC0-301F-11D3-BF4B-00C04F79EFBC}") = "CukoosApi.Repository", "CukoosApi.Repository\CukoosApi.Repository.csproj", "{52E7DFD5-B00D-4474-AD6C-6E77F59D882D}"
EndProject
Global
	GlobalSection(SolutionConfigurationPlatforms) = preSolution
		Debug|Any CPU = Debug|Any CPU
		Release|Any CPU = Release|Any CPU
	EndGlobalSection
	GlobalSection(ProjectConfigurationPlatforms) = postSolution
		{5DBE145E-2E96-46C7-BF4F-8AFAE436E840}.Debug|Any CPU.ActiveCfg = Debug|Any CPU
		{5DBE145E-2E96-46C7-BF4F-8AFAE436E840}.Debug|Any CPU.Build.0 = Debug|Any CPU
		{5DBE145E-2E96-46C7-BF4F-8AFAE436E840}.Release|Any CPU.ActiveCfg = Release|Any CPU
		{5DBE145E-2E96-46C7-BF4F-8AFAE436E840}.Release|Any CPU.Build.0 = Release|Any CPU
		{4F3315D2-F34D-4A13-8E94-A2EDCB236E49}.Debug|Any CPU.ActiveCfg = Debug|Any CPU
		{4F3315D2-F34D-4A13-8E94-A2EDCB236E49}.Debug|Any CPU.Build.0 = Debug|Any CPU
		{4F3315D2-F34D-4A13-8E94-A2EDCB236E49}.Release|Any CPU.ActiveCfg = Release|Any CPU
		{4F3315D2-F34D-4A13-8E94-A2EDCB236E49}.Release|Any CPU.Build.0 = Release|Any CPU
		{52E7DFD5-B00D-4474-AD6C-6E77F59D882D}.Debug|Any CPU.ActiveCfg = Debug|Any CPU
		{52E7DFD5-B00D-4474-AD6C-6E77F59D882D}.Debug|Any CPU.Build.0 = Debug|Any CPU
		{52E7DFD5-B00D-4474-AD6C-6E77F59D882D}.Release|Any CPU.ActiveCfg = Release|Any CPU
		{52E7DFD5-B00D-4474-AD6C-6E77F59D882D}.Release|Any CPU.Build.0 = Release|Any CPU
	EndGlobalSection
	GlobalSection(SolutionProperties) = preSolution
		HideSolutionNode = FALSE
	EndGlobalSection
EndGlobal
